<?xml version="1.0" encoding="utf-8"?>
<Project ToolsVersion="4.0" xmlns="http://schemas.microsoft.com/developer/msbuild/2003">
  <ItemGroup>
    <Filter Include="리소스 파일">
      <UniqueIdentifier>{67DA6AB6-F800-4c08-8B7A-83BB121AAD01}</UniqueIdentifier>
      <Extensions>rc;ico;cur;bmp;dlg;rc2;rct;bin;rgs;gif;jpg;jpeg;jpe;resx;tiff;tif;png;wav;mfcribbon-ms</Extensions>
    </Filter>
    <Filter Include="Core">
      <UniqueIdentifier>{432eee61-7446-42ff-9fab-e29bb394e1a7}</UniqueIdentifier>
    </Filter>
    <Filter Include="Core\Utilities">
      <UniqueIdentifier>{d11944fa-533f-4a01-a76e-cb69634ba2f4}</UniqueIdentifier>
    </Filter>
    <Filter Include="Core\Objects">
      <UniqueIdentifier>{04b3bd2d-b912-4d0a-a746-ea27cca584c1}</UniqueIdentifier>
    </Filter>
    <Filter Include="Core\Components">
      <UniqueIdentifier>{f15a05dc-33b0-4e05-a9f4-ea006c5924b2}</UniqueIdentifier>
    </Filter>
    <Filter Include="Core\Behaviors">
      <UniqueIdentifier>{f9176b98-3a0d-4e35-8f69-4aab662d79bc}</UniqueIdentifier>
    </Filter>
    <Filter Include="Level">
      <UniqueIdentifier>{f9e33a34-c2b7-4190-a47d-f5bcfef33e4e}</UniqueIdentifier>
    </Filter>
    <Filter Include="UI">
      <UniqueIdentifier>{d040f7ef-01d2-4c04-935d-54a1b2ec6207}</UniqueIdentifier>
    </Filter>
  </ItemGroup>
  <ItemGroup>
    <ClInclude Include="Resource.h">
      <Filter>리소스 파일</Filter>
    </ClInclude>
    <ClInclude Include="InputManager.h">
      <Filter>Core\Utilities</Filter>
    </ClInclude>
    <ClInclude Include="Singleton.h">
      <Filter>Core\Utilities</Filter>
    </ClInclude>
    <ClInclude Include="GameObject.h">
      <Filter>Core\Objects</Filter>
    </ClInclude>
    <ClInclude Include="Object.h">
      <Filter>Core\Objects</Filter>
    </ClInclude>
    <ClInclude Include="Component.h">
      <Filter>Core\Components</Filter>
    </ClInclude>
    <ClInclude Include="Transform.h">
      <Filter>Core\Components</Filter>
    </ClInclude>
    <ClInclude Include="Behavior.h">
      <Filter>Core\Behaviors</Filter>
    </ClInclude>
    <ClInclude Include="D3DManager.h">
      <Filter>Core</Filter>
    </ClInclude>
    <ClInclude Include="Core.h">
      <Filter>Core</Filter>
    </ClInclude>
    <ClInclude Include="ResourceManager.h">
      <Filter>Core\Utilities</Filter>
    </ClInclude>
    <ClInclude Include="Sprite.h">
      <Filter>Core\Components</Filter>
    </ClInclude>
    <ClInclude Include="AudioManager.h">
      <Filter>Level</Filter>
    </ClInclude>
    <ClInclude Include="Scene.h">
      <Filter>Level</Filter>
    </ClInclude>
  </ItemGroup>
  <ItemGroup>
    <ResourceCompile Include="Virus Striker.rc">
      <Filter>리소스 파일</Filter>
    </ResourceCompile>
  </ItemGroup>
  <ItemGroup>
    <Image Include="small.ico">
      <Filter>리소스 파일</Filter>
    </Image>
    <Image Include="Virus Striker.ico">
      <Filter>리소스 파일</Filter>
    </Image>
  </ItemGroup>
  <ItemGroup>
    <ClCompile Include="Main.cpp" />
    <ClCompile Include="InputManager.cpp">
      <Filter>Core\Utilities</Filter>
    </ClCompile>
    <ClCompile Include="GameObject.cpp">
      <Filter>Core\Objects</Filter>
    </ClCompile>
    <ClCompile Include="Object.cpp">
      <Filter>Core\Objects</Filter>
    </ClCompile>
    <ClCompile Include="Component.cpp">
      <Filter>Core\Components</Filter>
    </ClCompile>
    <ClCompile Include="Transform.cpp">
      <Filter>Core\Components</Filter>
    </ClCompile>
    <ClCompile Include="Behavior.cpp">
      <Filter>Core\Behaviors</Filter>
    </ClCompile>
    <ClCompile Include="D3DManager.cpp">
      <Filter>Core</Filter>
    </ClCompile>
    <ClCompile Include="Core.cpp">
      <Filter>Core</Filter>
    </ClCompile>
    <ClCompile Include="ResourceManager.cpp">
      <Filter>Core\Utilities</Filter>
    </ClCompile>
    <ClCompile Include="Sprite.cpp">
      <Filter>Core\Components</Filter>
    </ClCompile>
    <ClCompile Include="AudioManager.cpp">
      <Filter>Level</Filter>
    </ClCompile>
    <ClCompile Include="SceneManager.cpp">
      <Filter>Level</Filter>
    </ClCompile>
    <ClCompile Include="Scene.cpp">
      <Filter>Level</Filter>
    </ClCompile>
  </ItemGroup>
</Project>